
Microsoft Visual Studio Solution File, Format Version 12.00
# Visual Studio 2013
VisualStudioVersion = 12.0.31101.0
MinimumVisualStudioVersion = 10.0.40219.1
Project("{FAE04EC0-301F-11D3-BF4B-00C04F79EFBC}") = "Phzio", "Phzio\Phzio.csproj", "{83F5F0A5-F6B6-4A54-8DEB-62856DAD4FEF}"
EndProject
Project("{2150E333-8FDC-42A3-9474-1A3956D46DE8}") = "PublishScripts", "PublishScripts", "{A921BCA4-AEB2-4D6E-A520-D7B4A880832A}"
	ProjectSection(SolutionItems) = preProject
		PublishScripts\AzureWebsitePublishModule.psm1 = PublishScripts\AzureWebsitePublishModule.psm1
		PublishScripts\Publish-WebApplicationWebsite.ps1 = PublishScripts\Publish-WebApplicationWebsite.ps1
	EndProjectSection
EndProject
Project("{2150E333-8FDC-42A3-9474-1A3956D46DE8}") = "Configurations", "Configurations", "{25577E37-9FE2-4E44-BEED-F0DBC861379E}"
	ProjectSection(SolutionItems) = preProject
		PublishScripts\Configurations\Phzio-WAWS-dev.json = PublishScripts\Configurations\Phzio-WAWS-dev.json
	EndProjectSection
EndProject
Project("{2150E333-8FDC-42A3-9474-1A3956D46DE8}") = ".nuget", ".nuget", "{F4C26B4A-5D90-4D20-93EE-31C5602A3909}"
	ProjectSection(SolutionItems) = preProject
		.nuget\packages.config = .nuget\packages.config
	EndProjectSection
EndProject
Global
	GlobalSection(SolutionConfigurationPlatforms) = preSolution
		Debug|Any CPU = Debug|Any CPU
		Release|Any CPU = Release|Any CPU
	EndGlobalSection
	GlobalSection(ProjectConfigurationPlatforms) = postSolution
		{83F5F0A5-F6B6-4A54-8DEB-62856DAD4FEF}.Debug|Any CPU.ActiveCfg = Debug|Any CPU
		{83F5F0A5-F6B6-4A54-8DEB-62856DAD4FEF}.Debug|Any CPU.Build.0 = Debug|Any CPU
		{83F5F0A5-F6B6-4A54-8DEB-62856DAD4FEF}.Release|Any CPU.ActiveCfg = Release|Any CPU
		{83F5F0A5-F6B6-4A54-8DEB-62856DAD4FEF}.Release|Any CPU.Build.0 = Release|Any CPU
	EndGlobalSection
	GlobalSection(SolutionProperties) = preSolution
		HideSolutionNode = FALSE
	EndGlobalSection
	GlobalSection(NestedProjects) = preSolution
		{25577E37-9FE2-4E44-BEED-F0DBC861379E} = {A921BCA4-AEB2-4D6E-A520-D7B4A880832A}
	EndGlobalSection
EndGlobal
